
Microsoft Visual Studio Solution File, Format Version 12.00
# Visual Studio 15
VisualStudioVersion = 15.0.27004.2005
MinimumVisualStudioVersion = 10.0.40219.1
Project("{FAE04EC0-301F-11D3-BF4B-00C04F79EFBC}") = "NTK", "NTK\NTK.csproj", "{DA8E50CD-C8A4-4CD0-8F1B-CD79A6FD10EC}"
EndProject
Project("{FAE04EC0-301F-11D3-BF4B-00C04F79EFBC}") = "NTKUnitTest", "NTKUnitTest\NTKUnitTest.csproj", "{5AA09010-36E7-43C0-A848-CE0C828DFD70}"
EndProject
Project("{FAE04EC0-301F-11D3-BF4B-00C04F79EFBC}") = "CGE", "CGE\CGE.csproj", "{640B7F6B-59B3-4E00-B8FD-06173D96392C}"
EndProject
Project("{FAE04EC0-301F-11D3-BF4B-00C04F79EFBC}") = "NTKCGETester", "NTKCGETester\NTKCGETester.csproj", "{30F108BF-1A56-43D4-BB53-53BA9F4F7DA2}"
EndProject
Project("{FAE04EC0-301F-11D3-BF4B-00C04F79EFBC}") = "NTKInt", "NTKInt\NTKInt.csproj", "{20FD3992-AA32-4426-A9E9-368594140105}"
EndProject
Project("{2150E333-8FDC-42A3-9474-1A3956D46DE8}") = "Tests", "Tests", "{B08FF646-6793-45A9-8190-3BAE8543914F}"
EndProject
Project("{2150E333-8FDC-42A3-9474-1A3956D46DE8}") = "Application", "Application", "{655EDC30-079A-47A8-B53F-80D838771182}"
EndProject
Project("{2150E333-8FDC-42A3-9474-1A3956D46DE8}") = "Ressources", "Ressources", "{2F8C3547-C846-4E97-9C6A-690A5C4716A4}"
EndProject
Project("{FAE04EC0-301F-11D3-BF4B-00C04F79EFBC}") = "NGET", "NGET\NGET.csproj", "{501EC8FB-EB01-4D9E-A6A2-A3CF3BFAF3BF}"
EndProject
Project("{FAE04EC0-301F-11D3-BF4B-00C04F79EFBC}") = "CLIENT_NTK", "CLIENT_NTK\CLIENT_NTK.csproj", "{0EB7E998-0085-46B9-8165-4A6B5CA61279}"
EndProject
Project("{FAE04EC0-301F-11D3-BF4B-00C04F79EFBC}") = "OSS", "OSS\OSS.csproj", "{25AB6E65-80EF-42AE-A48F-E202BA5643E9}"
EndProject
Project("{FAE04EC0-301F-11D3-BF4B-00C04F79EFBC}") = "ServiceTest", "ServiceTest\ServiceTest.csproj", "{BF5B8957-B61E-4896-8D6B-0FC9CCCBE531}"
EndProject
Project("{FAE04EC0-301F-11D3-BF4B-00C04F79EFBC}") = "NTKUniversal Server", "NTKUniversal Server\NTKUniversal Server.csproj", "{FFE2D0A5-5757-4A98-AC98-8FC6AD2B4CCF}"
EndProject
Project("{FAE04EC0-301F-11D3-BF4B-00C04F79EFBC}") = "NTKAdmin", "NTKAdmin\NTKAdmin.csproj", "{9CD62EBF-9295-4F3D-8C4B-917148F0AF36}"
EndProject
Project("{FAE04EC0-301F-11D3-BF4B-00C04F79EFBC}") = "PluginTest", "PluginTest\PluginTest.csproj", "{8EF29FC8-E5A8-4593-A7C6-AE242BAD23D8}"
EndProject
Project("{FAE04EC0-301F-11D3-BF4B-00C04F79EFBC}") = "CS_HTMLDoc", "CS_HTMLDoc\CS_HTMLDoc.csproj", "{3CBB0670-3D43-4339-B796-0D4C970A9EA5}"
EndProject
Project("{FAE04EC0-301F-11D3-BF4B-00C04F79EFBC}") = "Demo", "Demo\Demo.csproj", "{261AC4E8-D2F2-436A-BC78-7732AEDC9891}"
EndProject
Global
	GlobalSection(SolutionConfigurationPlatforms) = preSolution
		Debug|Any CPU = Debug|Any CPU
		Release|Any CPU = Release|Any CPU
	EndGlobalSection
	GlobalSection(ProjectConfigurationPlatforms) = postSolution
		{DA8E50CD-C8A4-4CD0-8F1B-CD79A6FD10EC}.Debug|Any CPU.ActiveCfg = Debug|Any CPU
		{DA8E50CD-C8A4-4CD0-8F1B-CD79A6FD10EC}.Debug|Any CPU.Build.0 = Debug|Any CPU
		{DA8E50CD-C8A4-4CD0-8F1B-CD79A6FD10EC}.Release|Any CPU.ActiveCfg = Release|Any CPU
		{DA8E50CD-C8A4-4CD0-8F1B-CD79A6FD10EC}.Release|Any CPU.Build.0 = Release|Any CPU
		{5AA09010-36E7-43C0-A848-CE0C828DFD70}.Debug|Any CPU.ActiveCfg = Debug|Any CPU
		{5AA09010-36E7-43C0-A848-CE0C828DFD70}.Debug|Any CPU.Build.0 = Debug|Any CPU
		{5AA09010-36E7-43C0-A848-CE0C828DFD70}.Release|Any CPU.ActiveCfg = Release|Any CPU
		{5AA09010-36E7-43C0-A848-CE0C828DFD70}.Release|Any CPU.Build.0 = Release|Any CPU
		{640B7F6B-59B3-4E00-B8FD-06173D96392C}.Debug|Any CPU.ActiveCfg = Debug|Any CPU
		{640B7F6B-59B3-4E00-B8FD-06173D96392C}.Debug|Any CPU.Build.0 = Debug|Any CPU
		{640B7F6B-59B3-4E00-B8FD-06173D96392C}.Release|Any CPU.ActiveCfg = Release|Any CPU
		{640B7F6B-59B3-4E00-B8FD-06173D96392C}.Release|Any CPU.Build.0 = Release|Any CPU
		{30F108BF-1A56-43D4-BB53-53BA9F4F7DA2}.Debug|Any CPU.ActiveCfg = Debug|Any CPU
		{30F108BF-1A56-43D4-BB53-53BA9F4F7DA2}.Debug|Any CPU.Build.0 = Debug|Any CPU
		{30F108BF-1A56-43D4-BB53-53BA9F4F7DA2}.Release|Any CPU.ActiveCfg = Release|Any CPU
		{30F108BF-1A56-43D4-BB53-53BA9F4F7DA2}.Release|Any CPU.Build.0 = Release|Any CPU
		{20FD3992-AA32-4426-A9E9-368594140105}.Debug|Any CPU.ActiveCfg = Debug|Any CPU
		{20FD3992-AA32-4426-A9E9-368594140105}.Debug|Any CPU.Build.0 = Debug|Any CPU
		{20FD3992-AA32-4426-A9E9-368594140105}.Release|Any CPU.ActiveCfg = Release|Any CPU
		{20FD3992-AA32-4426-A9E9-368594140105}.Release|Any CPU.Build.0 = Release|Any CPU
		{501EC8FB-EB01-4D9E-A6A2-A3CF3BFAF3BF}.Debug|Any CPU.ActiveCfg = Debug|Any CPU
		{501EC8FB-EB01-4D9E-A6A2-A3CF3BFAF3BF}.Debug|Any CPU.Build.0 = Debug|Any CPU
		{501EC8FB-EB01-4D9E-A6A2-A3CF3BFAF3BF}.Release|Any CPU.ActiveCfg = Release|Any CPU
		{501EC8FB-EB01-4D9E-A6A2-A3CF3BFAF3BF}.Release|Any CPU.Build.0 = Release|Any CPU
		{0EB7E998-0085-46B9-8165-4A6B5CA61279}.Debug|Any CPU.ActiveCfg = Debug|Any CPU
		{0EB7E998-0085-46B9-8165-4A6B5CA61279}.Debug|Any CPU.Build.0 = Debug|Any CPU
		{0EB7E998-0085-46B9-8165-4A6B5CA61279}.Release|Any CPU.ActiveCfg = Release|Any CPU
		{0EB7E998-0085-46B9-8165-4A6B5CA61279}.Release|Any CPU.Build.0 = Release|Any CPU
		{25AB6E65-80EF-42AE-A48F-E202BA5643E9}.Debug|Any CPU.ActiveCfg = Debug|Any CPU
		{25AB6E65-80EF-42AE-A48F-E202BA5643E9}.Debug|Any CPU.Build.0 = Debug|Any CPU
		{25AB6E65-80EF-42AE-A48F-E202BA5643E9}.Release|Any CPU.ActiveCfg = Release|Any CPU
		{25AB6E65-80EF-42AE-A48F-E202BA5643E9}.Release|Any CPU.Build.0 = Release|Any CPU
		{BF5B8957-B61E-4896-8D6B-0FC9CCCBE531}.Debug|Any CPU.ActiveCfg = Debug|Any CPU
		{BF5B8957-B61E-4896-8D6B-0FC9CCCBE531}.Debug|Any CPU.Build.0 = Debug|Any CPU
		{BF5B8957-B61E-4896-8D6B-0FC9CCCBE531}.Release|Any CPU.ActiveCfg = Release|Any CPU
		{BF5B8957-B61E-4896-8D6B-0FC9CCCBE531}.Release|Any CPU.Build.0 = Release|Any CPU
		{FFE2D0A5-5757-4A98-AC98-8FC6AD2B4CCF}.Debug|Any CPU.ActiveCfg = Debug|Any CPU
		{FFE2D0A5-5757-4A98-AC98-8FC6AD2B4CCF}.Debug|Any CPU.Build.0 = Debug|Any CPU
		{FFE2D0A5-5757-4A98-AC98-8FC6AD2B4CCF}.Release|Any CPU.ActiveCfg = Release|Any CPU
		{FFE2D0A5-5757-4A98-AC98-8FC6AD2B4CCF}.Release|Any CPU.Build.0 = Release|Any CPU
		{9CD62EBF-9295-4F3D-8C4B-917148F0AF36}.Debug|Any CPU.ActiveCfg = Debug|Any CPU
		{9CD62EBF-9295-4F3D-8C4B-917148F0AF36}.Debug|Any CPU.Build.0 = Debug|Any CPU
		{9CD62EBF-9295-4F3D-8C4B-917148F0AF36}.Release|Any CPU.ActiveCfg = Release|Any CPU
		{9CD62EBF-9295-4F3D-8C4B-917148F0AF36}.Release|Any CPU.Build.0 = Release|Any CPU
		{8EF29FC8-E5A8-4593-A7C6-AE242BAD23D8}.Debug|Any CPU.ActiveCfg = Debug|Any CPU
		{8EF29FC8-E5A8-4593-A7C6-AE242BAD23D8}.Debug|Any CPU.Build.0 = Debug|Any CPU
		{8EF29FC8-E5A8-4593-A7C6-AE242BAD23D8}.Release|Any CPU.ActiveCfg = Release|Any CPU
		{8EF29FC8-E5A8-4593-A7C6-AE242BAD23D8}.Release|Any CPU.Build.0 = Release|Any CPU
		{3CBB0670-3D43-4339-B796-0D4C970A9EA5}.Debug|Any CPU.ActiveCfg = Debug|Any CPU
		{3CBB0670-3D43-4339-B796-0D4C970A9EA5}.Debug|Any CPU.Build.0 = Debug|Any CPU
		{3CBB0670-3D43-4339-B796-0D4C970A9EA5}.Release|Any CPU.ActiveCfg = Release|Any CPU
		{3CBB0670-3D43-4339-B796-0D4C970A9EA5}.Release|Any CPU.Build.0 = Release|Any CPU
		{261AC4E8-D2F2-436A-BC78-7732AEDC9891}.Debug|Any CPU.ActiveCfg = Debug|Any CPU
		{261AC4E8-D2F2-436A-BC78-7732AEDC9891}.Debug|Any CPU.Build.0 = Debug|Any CPU
		{261AC4E8-D2F2-436A-BC78-7732AEDC9891}.Release|Any CPU.ActiveCfg = Release|Any CPU
		{261AC4E8-D2F2-436A-BC78-7732AEDC9891}.Release|Any CPU.Build.0 = Release|Any CPU
	EndGlobalSection
	GlobalSection(SolutionProperties) = preSolution
		HideSolutionNode = FALSE
	EndGlobalSection
	GlobalSection(NestedProjects) = preSolution
		{DA8E50CD-C8A4-4CD0-8F1B-CD79A6FD10EC} = {2F8C3547-C846-4E97-9C6A-690A5C4716A4}
		{5AA09010-36E7-43C0-A848-CE0C828DFD70} = {B08FF646-6793-45A9-8190-3BAE8543914F}
		{640B7F6B-59B3-4E00-B8FD-06173D96392C} = {2F8C3547-C846-4E97-9C6A-690A5C4716A4}
		{30F108BF-1A56-43D4-BB53-53BA9F4F7DA2} = {B08FF646-6793-45A9-8190-3BAE8543914F}
		{20FD3992-AA32-4426-A9E9-368594140105} = {655EDC30-079A-47A8-B53F-80D838771182}
		{501EC8FB-EB01-4D9E-A6A2-A3CF3BFAF3BF} = {655EDC30-079A-47A8-B53F-80D838771182}
		{0EB7E998-0085-46B9-8165-4A6B5CA61279} = {655EDC30-079A-47A8-B53F-80D838771182}
		{25AB6E65-80EF-42AE-A48F-E202BA5643E9} = {2F8C3547-C846-4E97-9C6A-690A5C4716A4}
		{BF5B8957-B61E-4896-8D6B-0FC9CCCBE531} = {B08FF646-6793-45A9-8190-3BAE8543914F}
		{FFE2D0A5-5757-4A98-AC98-8FC6AD2B4CCF} = {655EDC30-079A-47A8-B53F-80D838771182}
		{9CD62EBF-9295-4F3D-8C4B-917148F0AF36} = {655EDC30-079A-47A8-B53F-80D838771182}
		{8EF29FC8-E5A8-4593-A7C6-AE242BAD23D8} = {B08FF646-6793-45A9-8190-3BAE8543914F}
		{3CBB0670-3D43-4339-B796-0D4C970A9EA5} = {655EDC30-079A-47A8-B53F-80D838771182}
		{261AC4E8-D2F2-436A-BC78-7732AEDC9891} = {B08FF646-6793-45A9-8190-3BAE8543914F}
	EndGlobalSection
	GlobalSection(ExtensibilityGlobals) = postSolution
		SolutionGuid = {CF5F3A4D-97C1-4E49-9285-90A60E198F19}
	EndGlobalSection
EndGlobal
